
Microsoft Visual Studio Solution File, Format Version 12.00
# Visual Studio 15
VisualStudioVersion = 15.0.26124.0
MinimumVisualStudioVersion = 15.0.26124.0
Project("{FAE04EC0-301F-11D3-BF4B-00C04F79EFBC}") = "Domain", "Domain\Domain.csproj", "{852F4C1D-EBBD-4003-B299-750CCE33CF60}"
EndProject
Project("{FAE04EC0-301F-11D3-BF4B-00C04F79EFBC}") = "Application", "Application\Application.csproj", "{B9D9BD0E-9DBC-4A67-BA0A-EC34EA26AF63}"
EndProject
Project("{FAE04EC0-301F-11D3-BF4B-00C04F79EFBC}") = "Persistence", "Persistence\Persistence.csproj", "{6AB5C59D-3860-4EB7-A4B4-9DD110BB4E21}"
EndProject
Project("{FAE04EC0-301F-11D3-BF4B-00C04F79EFBC}") = "API", "API\API.csproj", "{9B76AACE-1581-4B89-A7FA-7A7EF8716D8B}"
EndProject
Global
	GlobalSection(SolutionConfigurationPlatforms) = preSolution
		Debug|Any CPU = Debug|Any CPU
		Debug|x64 = Debug|x64
		Debug|x86 = Debug|x86
		Release|Any CPU = Release|Any CPU
		Release|x64 = Release|x64
		Release|x86 = Release|x86
	EndGlobalSection
	GlobalSection(SolutionProperties) = preSolution
		HideSolutionNode = FALSE
	EndGlobalSection
	GlobalSection(ProjectConfigurationPlatforms) = postSolution
		{852F4C1D-EBBD-4003-B299-750CCE33CF60}.Debug|Any CPU.ActiveCfg = Debug|Any CPU
		{852F4C1D-EBBD-4003-B299-750CCE33CF60}.Debug|Any CPU.Build.0 = Debug|Any CPU
		{852F4C1D-EBBD-4003-B299-750CCE33CF60}.Debug|x64.ActiveCfg = Debug|Any CPU
		{852F4C1D-EBBD-4003-B299-750CCE33CF60}.Debug|x64.Build.0 = Debug|Any CPU
		{852F4C1D-EBBD-4003-B299-750CCE33CF60}.Debug|x86.ActiveCfg = Debug|Any CPU
		{852F4C1D-EBBD-4003-B299-750CCE33CF60}.Debug|x86.Build.0 = Debug|Any CPU
		{852F4C1D-EBBD-4003-B299-750CCE33CF60}.Release|Any CPU.ActiveCfg = Release|Any CPU
		{852F4C1D-EBBD-4003-B299-750CCE33CF60}.Release|Any CPU.Build.0 = Release|Any CPU
		{852F4C1D-EBBD-4003-B299-750CCE33CF60}.Release|x64.ActiveCfg = Release|Any CPU
		{852F4C1D-EBBD-4003-B299-750CCE33CF60}.Release|x64.Build.0 = Release|Any CPU
		{852F4C1D-EBBD-4003-B299-750CCE33CF60}.Release|x86.ActiveCfg = Release|Any CPU
		{852F4C1D-EBBD-4003-B299-750CCE33CF60}.Release|x86.Build.0 = Release|Any CPU
		{B9D9BD0E-9DBC-4A67-BA0A-EC34EA26AF63}.Debug|Any CPU.ActiveCfg = Debug|Any CPU
		{B9D9BD0E-9DBC-4A67-BA0A-EC34EA26AF63}.Debug|Any CPU.Build.0 = Debug|Any CPU
		{B9D9BD0E-9DBC-4A67-BA0A-EC34EA26AF63}.Debug|x64.ActiveCfg = Debug|Any CPU
		{B9D9BD0E-9DBC-4A67-BA0A-EC34EA26AF63}.Debug|x64.Build.0 = Debug|Any CPU
		{B9D9BD0E-9DBC-4A67-BA0A-EC34EA26AF63}.Debug|x86.ActiveCfg = Debug|Any CPU
		{B9D9BD0E-9DBC-4A67-BA0A-EC34EA26AF63}.Debug|x86.Build.0 = Debug|Any CPU
		{B9D9BD0E-9DBC-4A67-BA0A-EC34EA26AF63}.Release|Any CPU.ActiveCfg = Release|Any CPU
		{B9D9BD0E-9DBC-4A67-BA0A-EC34EA26AF63}.Release|Any CPU.Build.0 = Release|Any CPU
		{B9D9BD0E-9DBC-4A67-BA0A-EC34EA26AF63}.Release|x64.ActiveCfg = Release|Any CPU
		{B9D9BD0E-9DBC-4A67-BA0A-EC34EA26AF63}.Release|x64.Build.0 = Release|Any CPU
		{B9D9BD0E-9DBC-4A67-BA0A-EC34EA26AF63}.Release|x86.ActiveCfg = Release|Any CPU
		{B9D9BD0E-9DBC-4A67-BA0A-EC34EA26AF63}.Release|x86.Build.0 = Release|Any CPU
		{6AB5C59D-3860-4EB7-A4B4-9DD110BB4E21}.Debug|Any CPU.ActiveCfg = Debug|Any CPU
		{6AB5C59D-3860-4EB7-A4B4-9DD110BB4E21}.Debug|Any CPU.Build.0 = Debug|Any CPU
		{6AB5C59D-3860-4EB7-A4B4-9DD110BB4E21}.Debug|x64.ActiveCfg = Debug|Any CPU
		{6AB5C59D-3860-4EB7-A4B4-9DD110BB4E21}.Debug|x64.Build.0 = Debug|Any CPU
		{6AB5C59D-3860-4EB7-A4B4-9DD110BB4E21}.Debug|x86.ActiveCfg = Debug|Any CPU
		{6AB5C59D-3860-4EB7-A4B4-9DD110BB4E21}.Debug|x86.Build.0 = Debug|Any CPU
		{6AB5C59D-3860-4EB7-A4B4-9DD110BB4E21}.Release|Any CPU.ActiveCfg = Release|Any CPU
		{6AB5C59D-3860-4EB7-A4B4-9DD110BB4E21}.Release|Any CPU.Build.0 = Release|Any CPU
		{6AB5C59D-3860-4EB7-A4B4-9DD110BB4E21}.Release|x64.ActiveCfg = Release|Any CPU
		{6AB5C59D-3860-4EB7-A4B4-9DD110BB4E21}.Release|x64.Build.0 = Release|Any CPU
		{6AB5C59D-3860-4EB7-A4B4-9DD110BB4E21}.Release|x86.ActiveCfg = Release|Any CPU
		{6AB5C59D-3860-4EB7-A4B4-9DD110BB4E21}.Release|x86.Build.0 = Release|Any CPU
		{9B76AACE-1581-4B89-A7FA-7A7EF8716D8B}.Debug|Any CPU.ActiveCfg = Debug|Any CPU
		{9B76AACE-1581-4B89-A7FA-7A7EF8716D8B}.Debug|Any CPU.Build.0 = Debug|Any CPU
		{9B76AACE-1581-4B89-A7FA-7A7EF8716D8B}.Debug|x64.ActiveCfg = Debug|Any CPU
		{9B76AACE-1581-4B89-A7FA-7A7EF8716D8B}.Debug|x64.Build.0 = Debug|Any CPU
		{9B76AACE-1581-4B89-A7FA-7A7EF8716D8B}.Debug|x86.ActiveCfg = Debug|Any CPU
		{9B76AACE-1581-4B89-A7FA-7A7EF8716D8B}.Debug|x86.Build.0 = Debug|Any CPU
		{9B76AACE-1581-4B89-A7FA-7A7EF8716D8B}.Release|Any CPU.ActiveCfg = Release|Any CPU
		{9B76AACE-1581-4B89-A7FA-7A7EF8716D8B}.Release|Any CPU.Build.0 = Release|Any CPU
		{9B76AACE-1581-4B89-A7FA-7A7EF8716D8B}.Release|x64.ActiveCfg = Release|Any CPU
		{9B76AACE-1581-4B89-A7FA-7A7EF8716D8B}.Release|x64.Build.0 = Release|Any CPU
		{9B76AACE-1581-4B89-A7FA-7A7EF8716D8B}.Release|x86.ActiveCfg = Release|Any CPU
		{9B76AACE-1581-4B89-A7FA-7A7EF8716D8B}.Release|x86.Build.0 = Release|Any CPU
	EndGlobalSection
EndGlobal
